
Microsoft Visual Studio Solution File, Format Version 12.00
# Visual Studio Version 17
VisualStudioVersion = 17.8.34330.188
MinimumVisualStudioVersion = 10.0.40219.1
Project("{FAE04EC0-301F-11D3-BF4B-00C04F79EFBC}") = "food", "food.csproj", "{642965A5-402B-47A6-BC05-BC1B7FAA1438}"
EndProject
Global
	GlobalSection(SolutionConfigurationPlatforms) = preSolution
		Debug|Any CPU = Debug|Any CPU
		Release|Any CPU = Release|Any CPU
	EndGlobalSection
	GlobalSection(ProjectConfigurationPlatforms) = postSolution
		{642965A5-402B-47A6-BC05-BC1B7FAA1438}.Debug|Any CPU.ActiveCfg = Debug|Any CPU
		{642965A5-402B-47A6-BC05-BC1B7FAA1438}.Debug|Any CPU.Build.0 = Debug|Any CPU
		{642965A5-402B-47A6-BC05-BC1B7FAA1438}.Release|Any CPU.ActiveCfg = Release|Any CPU
		{642965A5-402B-47A6-BC05-BC1B7FAA1438}.Release|Any CPU.Build.0 = Release|Any CPU
	EndGlobalSection
	GlobalSection(SolutionProperties) = preSolution
		HideSolutionNode = FALSE
	EndGlobalSection
	GlobalSection(ExtensibilityGlobals) = postSolution
		SolutionGuid = {9FC7A6F6-9F54-4C6C-8882-2E55525C2DDB}
	EndGlobalSection
EndGlobal
